
Microsoft Visual Studio Solution File, Format Version 12.00
Project("{FAE04EC0-301F-11D3-BF4B-00C04F79EFBC}") = "CapEnjoyer.DAL", "CapEnjoyer.DAL\CapEnjoyer.DAL.csproj", "{CC14A2B2-E0CB-40AF-8876-385305DAB0C5}"
EndProject
Project("{FAE04EC0-301F-11D3-BF4B-00C04F79EFBC}") = "CapEnjoyer.BL", "CapEnjoyer.BL\CapEnjoyer.BL.csproj", "{196A3678-A6D1-4439-8333-0A45A70399B1}"
EndProject
Project("{FAE04EC0-301F-11D3-BF4B-00C04F79EFBC}") = "CapEnjoyer.API", "CapEnjoyer.API\CapEnjoyer.API.csproj", "{A3CCBEEB-774A-4924-AC52-DF3625922E21}"
EndProject
Project("{FAE04EC0-301F-11D3-BF4B-00C04F79EFBC}") = "Tests", "Tests\Tests.csproj", "{02D6F3B9-B9CA-46FD-823B-58B7D940A491}"
EndProject
Project("{FAE04EC0-301F-11D3-BF4B-00C04F79EFBC}") = "CapEnjoyer.WebMVC", "CapEnjoyer.WebMVC\CapEnjoyer.WebMVC.csproj", "{39892CCF-09FC-4B39-8D5C-D9B85F297244}"
EndProject
Global
	GlobalSection(SolutionConfigurationPlatforms) = preSolution
		Debug|Any CPU = Debug|Any CPU
		Release|Any CPU = Release|Any CPU
	EndGlobalSection
	GlobalSection(ProjectConfigurationPlatforms) = postSolution
		{CC14A2B2-E0CB-40AF-8876-385305DAB0C5}.Debug|Any CPU.ActiveCfg = Debug|Any CPU
		{CC14A2B2-E0CB-40AF-8876-385305DAB0C5}.Debug|Any CPU.Build.0 = Debug|Any CPU
		{CC14A2B2-E0CB-40AF-8876-385305DAB0C5}.Release|Any CPU.ActiveCfg = Release|Any CPU
		{CC14A2B2-E0CB-40AF-8876-385305DAB0C5}.Release|Any CPU.Build.0 = Release|Any CPU
		{196A3678-A6D1-4439-8333-0A45A70399B1}.Debug|Any CPU.ActiveCfg = Debug|Any CPU
		{196A3678-A6D1-4439-8333-0A45A70399B1}.Debug|Any CPU.Build.0 = Debug|Any CPU
		{196A3678-A6D1-4439-8333-0A45A70399B1}.Release|Any CPU.ActiveCfg = Release|Any CPU
		{196A3678-A6D1-4439-8333-0A45A70399B1}.Release|Any CPU.Build.0 = Release|Any CPU
		{A3CCBEEB-774A-4924-AC52-DF3625922E21}.Debug|Any CPU.ActiveCfg = Debug|Any CPU
		{A3CCBEEB-774A-4924-AC52-DF3625922E21}.Debug|Any CPU.Build.0 = Debug|Any CPU
		{A3CCBEEB-774A-4924-AC52-DF3625922E21}.Release|Any CPU.ActiveCfg = Release|Any CPU
		{A3CCBEEB-774A-4924-AC52-DF3625922E21}.Release|Any CPU.Build.0 = Release|Any CPU
		{02D6F3B9-B9CA-46FD-823B-58B7D940A491}.Debug|Any CPU.ActiveCfg = Debug|Any CPU
		{02D6F3B9-B9CA-46FD-823B-58B7D940A491}.Debug|Any CPU.Build.0 = Debug|Any CPU
		{02D6F3B9-B9CA-46FD-823B-58B7D940A491}.Release|Any CPU.ActiveCfg = Release|Any CPU
		{02D6F3B9-B9CA-46FD-823B-58B7D940A491}.Release|Any CPU.Build.0 = Release|Any CPU
		{39892CCF-09FC-4B39-8D5C-D9B85F297244}.Debug|Any CPU.ActiveCfg = Debug|Any CPU
		{39892CCF-09FC-4B39-8D5C-D9B85F297244}.Debug|Any CPU.Build.0 = Debug|Any CPU
		{39892CCF-09FC-4B39-8D5C-D9B85F297244}.Release|Any CPU.ActiveCfg = Release|Any CPU
		{39892CCF-09FC-4B39-8D5C-D9B85F297244}.Release|Any CPU.Build.0 = Release|Any CPU
	EndGlobalSection
EndGlobal
